<?xml version="1.0" encoding="UTF-8" standalone="yes" ?>
<CodeBlocks_project_file>
	<FileVersion major="1" minor="6" />
	<Project>
		<Option title="RRI" />
		<Option execution_dir="C:/Users/HP/Downloads/RRI/" />
		<Option pch_mode="2" />
		<Option compiler="gcc" />
		<Build>
			<Target title="Debug">
				<Option output="bin/Debug/RRI" prefix_auto="1" extension_auto="1" />
				<Option object_output="obj/Debug/" />
				<Option type="1" />
				<Option compiler="gcc" />
				<Compiler>
					<Add option="-g" />
				</Compiler>
			</Target>
			<Target title="Release">
				<Option output="bin/Release/RRI" prefix_auto="1" extension_auto="1" />
				<Option object_output="obj/Release/" />
				<Option type="1" />
				<Option compiler="gcc" />
				<Compiler>
					<Add option="-O2" />
				</Compiler>
				<Linker>
					<Add option="-s" />
				</Linker>
			</Target>
		</Build>
		<Compiler>
			<Add option="-Wall" />
			<Add directory="D:/1-2/CSE 4202/project/SDL2-2.0.12/i686-w64-mingw32/include" />
			<Add directory="D:/1-2/CSE 4202/project/SDL2_ttf-2.0.15/SDL2_ttf-2.0.15/i686-w64-mingw32/include" />
		</Compiler>
		<Linker>
			<Add option="-lmingw32 -lSDL2main -lSDL2 -lSDL2_ttf" />
			<Add directory="D:/1-2/CSE 4202/project/SDL2-2.0.12/i686-w64-mingw32/lib" />
			<Add directory="D:/1-2/CSE 4202/project/SDL2_ttf-2.0.15/SDL2_ttf-2.0.15/i686-w64-mingw32/lib" />
		</Linker>
		<Unit filename="Game.c">
			<Option compilerVar="CC" />
		</Unit>
		<Unit filename="Game.h" />
		<Unit filename="Player.h" />
		<Unit filename="Property.h" />
		<Unit filename="Render.c">
			<Option compilerVar="CC" />
		</Unit>
		<Extensions>
			<code_completion />
			<envvars />
			<debugger />
			<lib_finder disable_auto="1" />
		</Extensions>
	</Project>
</CodeBlocks_project_file>
